
Microsoft Visual Studio Solution File, Format Version 12.00
# Visual Studio Version 17
VisualStudioVersion = 17.5.002.0
MinimumVisualStudioVersion = 10.0.40219.1
Project("{9A19103F-16F7-4668-BE54-9A1E7A4F7556}") = "backend", "backend\backend.csproj", "{1FA08D27-8BE1-44FD-860A-9A74C75D97EE}"
EndProject
Global
	GlobalSection(SolutionConfigurationPlatforms) = preSolution
		Debug|Any CPU = Debug|Any CPU
		Release|Any CPU = Release|Any CPU
	EndGlobalSection
	GlobalSection(ProjectConfigurationPlatforms) = postSolution
		{1FA08D27-8BE1-44FD-860A-9A74C75D97EE}.Debug|Any CPU.ActiveCfg = Debug|Any CPU
		{1FA08D27-8BE1-44FD-860A-9A74C75D97EE}.Debug|Any CPU.Build.0 = Debug|Any CPU
		{1FA08D27-8BE1-44FD-860A-9A74C75D97EE}.Release|Any CPU.ActiveCfg = Release|Any CPU
		{1FA08D27-8BE1-44FD-860A-9A74C75D97EE}.Release|Any CPU.Build.0 = Release|Any CPU
	EndGlobalSection
	GlobalSection(SolutionProperties) = preSolution
		HideSolutionNode = FALSE
	EndGlobalSection
	GlobalSection(ExtensibilityGlobals) = postSolution
		SolutionGuid = {D31632F4-E04D-4684-BBEC-7930AD5BD7E4}
	EndGlobalSection
EndGlobal
